
Microsoft Visual Studio Solution File, Format Version 12.00
# Visual Studio Version 16
VisualStudioVersion = 16.0.29519.87
MinimumVisualStudioVersion = 10.0.40219.1
Project("{8BC9CEB8-8B4A-11D0-8D11-00A0C91BC942}") = "cvModelFinder", "cvModelFinder\cvModelFinder.vcxproj", "{B36874CB-BBD7-4678-9AE7-8B4A013991C0}"
EndProject
Project("{FAE04EC0-301F-11D3-BF4B-00C04F79EFBC}") = "ModelFinderTestWPF", "ModelFinderTestWPF\ModelFinderTestWPF.csproj", "{EAC6E3C1-511E-4B71-9425-F004E2F05BB6}"
EndProject
Global
	GlobalSection(SolutionConfigurationPlatforms) = preSolution
		Debug|Any CPU = Debug|Any CPU
		Debug|x64 = Debug|x64
		Debug|x86 = Debug|x86
		Release|Any CPU = Release|Any CPU
		Release|x64 = Release|x64
		Release|x86 = Release|x86
	EndGlobalSection
	GlobalSection(ProjectConfigurationPlatforms) = postSolution
		{B36874CB-BBD7-4678-9AE7-8B4A013991C0}.Debug|Any CPU.ActiveCfg = Debug|Win32
		{B36874CB-BBD7-4678-9AE7-8B4A013991C0}.Debug|x64.ActiveCfg = Debug|x64
		{B36874CB-BBD7-4678-9AE7-8B4A013991C0}.Debug|x64.Build.0 = Debug|x64
		{B36874CB-BBD7-4678-9AE7-8B4A013991C0}.Debug|x86.ActiveCfg = Debug|Win32
		{B36874CB-BBD7-4678-9AE7-8B4A013991C0}.Debug|x86.Build.0 = Debug|Win32
		{B36874CB-BBD7-4678-9AE7-8B4A013991C0}.Release|Any CPU.ActiveCfg = Release|Win32
		{B36874CB-BBD7-4678-9AE7-8B4A013991C0}.Release|x64.ActiveCfg = Release|x64
		{B36874CB-BBD7-4678-9AE7-8B4A013991C0}.Release|x64.Build.0 = Release|x64
		{B36874CB-BBD7-4678-9AE7-8B4A013991C0}.Release|x86.ActiveCfg = Release|Win32
		{B36874CB-BBD7-4678-9AE7-8B4A013991C0}.Release|x86.Build.0 = Release|Win32
		{EAC6E3C1-511E-4B71-9425-F004E2F05BB6}.Debug|Any CPU.ActiveCfg = Debug|Any CPU
		{EAC6E3C1-511E-4B71-9425-F004E2F05BB6}.Debug|Any CPU.Build.0 = Debug|Any CPU
		{EAC6E3C1-511E-4B71-9425-F004E2F05BB6}.Debug|x64.ActiveCfg = Debug|x64
		{EAC6E3C1-511E-4B71-9425-F004E2F05BB6}.Debug|x64.Build.0 = Debug|x64
		{EAC6E3C1-511E-4B71-9425-F004E2F05BB6}.Debug|x86.ActiveCfg = Debug|Any CPU
		{EAC6E3C1-511E-4B71-9425-F004E2F05BB6}.Debug|x86.Build.0 = Debug|Any CPU
		{EAC6E3C1-511E-4B71-9425-F004E2F05BB6}.Release|Any CPU.ActiveCfg = Release|Any CPU
		{EAC6E3C1-511E-4B71-9425-F004E2F05BB6}.Release|Any CPU.Build.0 = Release|Any CPU
		{EAC6E3C1-511E-4B71-9425-F004E2F05BB6}.Release|x64.ActiveCfg = Release|x64
		{EAC6E3C1-511E-4B71-9425-F004E2F05BB6}.Release|x64.Build.0 = Release|x64
		{EAC6E3C1-511E-4B71-9425-F004E2F05BB6}.Release|x86.ActiveCfg = Release|Any CPU
		{EAC6E3C1-511E-4B71-9425-F004E2F05BB6}.Release|x86.Build.0 = Release|Any CPU
	EndGlobalSection
	GlobalSection(SolutionProperties) = preSolution
		HideSolutionNode = FALSE
	EndGlobalSection
	GlobalSection(ExtensibilityGlobals) = postSolution
		SolutionGuid = {492BAE40-CBC5-479D-85C7-CE7E6FAEF7CF}
	EndGlobalSection
EndGlobal
